{
  "object": {
    "pins": [
      {
        "package": "BagOfTricks",
        "repositoryURL": "https://github.com/jemmons/BagOfTricks.git",
        "state": {
          "branch": null,
          "revision": "0f100a289bc23f631e756abf678207e029354100",
          "version": "2.0.0"
        }
      }
    ]
  },
  "version": 1
}
